Microsoft Visual Studio Solution File, Format Version 11.00
# Visual Studio 2008

Project("{4FB4FA53-E1D5-593A-DC47-0DAFF5FF5C0B}") = "DepthMaskExample", "Assembly-CSharp.csproj", "{C1C5D807-278D-58EE-BF59-385F2456A957}"
EndProject
Global
	GlobalSection(SolutionConfigurationPlatforms) = preSolution
		Debug|Any CPU = Debug|Any CPU
		Release|Any CPU = Release|Any CPU
	EndGlobalSection
	GlobalSection(ProjectConfigurationPlatforms) = postSolution
		{C1C5D807-278D-58EE-BF59-385F2456A957}.Debug|Any CPU.ActiveCfg = Debug|Any CPU
		{C1C5D807-278D-58EE-BF59-385F2456A957}.Debug|Any CPU.Build.0 = Debug|Any CPU
		{C1C5D807-278D-58EE-BF59-385F2456A957}.Release|Any CPU.ActiveCfg = Release|Any CPU
		{C1C5D807-278D-58EE-BF59-385F2456A957}.Release|Any CPU.Build.0 = Release|Any CPU
	EndGlobalSection
	GlobalSection(SolutionProperties) = preSolution
		HideSolutionNode = FALSE
	EndGlobalSection
	GlobalSection(MonoDevelopProperties) = preSolution
		StartupItem = Assembly-CSharp.csproj
	EndGlobalSection
EndGlobal
